
Microsoft Visual Studio Solution File, Format Version 12.00
# Visual Studio Version 17
VisualStudioVersion = 17.11.35312.102
MinimumVisualStudioVersion = 10.0.40219.1
Project("{FAE04EC0-301F-11D3-BF4B-00C04F79EFBC}") = "MauiAppHotel1", "MauiAppHotel1\MauiAppHotel1.csproj", "{53DFE668-BBA8-4754-AEBF-44D6605FDF5C}"
EndProject
Global
	GlobalSection(SolutionConfigurationPlatforms) = preSolution
		Debug|Any CPU = Debug|Any CPU
		Release|Any CPU = Release|Any CPU
	EndGlobalSection
	GlobalSection(ProjectConfigurationPlatforms) = postSolution
		{53DFE668-BBA8-4754-AEBF-44D6605FDF5C}.Debug|Any CPU.ActiveCfg = Debug|Any CPU
		{53DFE668-BBA8-4754-AEBF-44D6605FDF5C}.Debug|Any CPU.Build.0 = Debug|Any CPU
		{53DFE668-BBA8-4754-AEBF-44D6605FDF5C}.Debug|Any CPU.Deploy.0 = Debug|Any CPU
		{53DFE668-BBA8-4754-AEBF-44D6605FDF5C}.Release|Any CPU.ActiveCfg = Release|Any CPU
		{53DFE668-BBA8-4754-AEBF-44D6605FDF5C}.Release|Any CPU.Build.0 = Release|Any CPU
		{53DFE668-BBA8-4754-AEBF-44D6605FDF5C}.Release|Any CPU.Deploy.0 = Release|Any CPU
	EndGlobalSection
	GlobalSection(SolutionProperties) = preSolution
		HideSolutionNode = FALSE
	EndGlobalSection
	GlobalSection(ExtensibilityGlobals) = postSolution
		SolutionGuid = {BFB4D86B-BEC4-49B3-B8BA-49002AB79CC9}
	EndGlobalSection
EndGlobal
